// !$*UTF8*$!
{
	archiveVersion = 1;
	classes = {
	};
	objectVersion = 55;
	objects = {

/* Begin PBXBuildFile section */
		479C13282ADED32B00015861 /* StarJedi.ttf in Resources */ = {isa = PBXBuildFile; fileRef = 479C13272ADED32B00015861 /* StarJedi.ttf */; };
		479C132A2ADEDDB000015861 /* Planet.swift in Sources */ = {isa = PBXBuildFile; fileRef = 479C13292ADEDDB000015861 /* Planet.swift */; };
		47A23CF42AE137F500443C1A /* Species.swift in Sources */ = {isa = PBXBuildFile; fileRef = 47A23CF32AE137F500443C1A /* Species.swift */; };
		47A23CF62AE16ADD00443C1A /* ButtonView.swift in Sources */ = {isa = PBXBuildFile; fileRef = 47A23CF52AE16ADD00443C1A /* ButtonView.swift */; };
		47A23CF82AE1728600443C1A /* TextView.swift in Sources */ = {isa = PBXBuildFile; fileRef = 47A23CF72AE1728600443C1A /* TextView.swift */; };
		D96933C42AD5305000B73703 /* CharacterViewDetail.swift in Sources */ = {isa = PBXBuildFile; fileRef = D96933C32AD5305000B73703 /* CharacterViewDetail.swift */; };
		D98596B42AD45EC900139FE4 /* ShipsView.swift in Sources */ = {isa = PBXBuildFile; fileRef = D98596B32AD45EC900139FE4 /* ShipsView.swift */; };
		D98596B62AD45F1600139FE4 /* CharactersView.swift in Sources */ = {isa = PBXBuildFile; fileRef = D98596B52AD45F1600139FE4 /* CharactersView.swift */; };
		D98596B82AD45F3600139FE4 /* PlanetsView.swift in Sources */ = {isa = PBXBuildFile; fileRef = D98596B72AD45F3600139FE4 /* PlanetsView.swift */; };
		D98596BA2AD4602B00139FE4 /* Character.swift in Sources */ = {isa = PBXBuildFile; fileRef = D98596B92AD4602B00139FE4 /* Character.swift */; };
		D9FC08672AD439180046D746 /* StarWars_3App.swift in Sources */ = {isa = PBXBuildFile; fileRef = D9FC08662AD439180046D746 /* StarWars_3App.swift */; };
		D9FC08692AD439180046D746 /* ContentView.swift in Sources */ = {isa = PBXBuildFile; fileRef = D9FC08682AD439180046D746 /* ContentView.swift */; };
		D9FC086B2AD4391A0046D746 /* Assets.xcassets in Resources */ = {isa = PBXBuildFile; fileRef = D9FC086A2AD4391A0046D746 /* Assets.xcassets */; };
		D9FC086E2AD4391A0046D746 /* Preview Assets.xcassets in Resources */ = {isa = PBXBuildFile; fileRef = D9FC086D2AD4391A0046D746 /* Preview Assets.xcassets */; };
		D9FC08772AD43B9D0046D746 /* SplashScreenView.swift in Sources */ = {isa = PBXBuildFile; fileRef = D9FC08762AD43B9D0046D746 /* SplashScreenView.swift */; };
/* End PBXBuildFile section */

/* Begin PBXFileReference section */
		479C13272ADED32B00015861 /* StarJedi.ttf */ = {isa = PBXFileReference; lastKnownFileType = file; path = StarJedi.ttf; sourceTree = "<group>"; };
		479C13292ADEDDB000015861 /* Planet.swift */ = {isa = PBXFileReference; lastKnownFileType = sourcecode.swift; path = Planet.swift; sourceTree = "<group>"; };
		47A23CF32AE137F500443C1A /* Species.swift */ = {isa = PBXFileReference; lastKnownFileType = sourcecode.swift; path = Species.swift; sourceTree = "<group>"; };
		47A23CF52AE16ADD00443C1A /* ButtonView.swift */ = {isa = PBXFileReference; lastKnownFileType = sourcecode.swift; path = ButtonView.swift; sourceTree = "<group>"; };
		47A23CF72AE1728600443C1A /* TextView.swift */ = {isa = PBXFileReference; lastKnownFileType = sourcecode.swift; path = TextView.swift; sourceTree = "<group>"; };
		47E24D7C2AD5626900E365C7 /* StarWars-3-Info.plist */ = {isa = PBXFileReference; lastKnownFileType = text.plist; path = "StarWars-3-Info.plist"; sourceTree = SOURCE_ROOT; };
		D96933C32AD5305000B73703 /* CharacterViewDetail.swift */ = {isa = PBXFileReference; lastKnownFileType = sourcecode.swift; path = CharacterViewDetail.swift; sourceTree = "<group>"; };
		D98596B32AD45EC900139FE4 /* ShipsView.swift */ = {isa = PBXFileReference; lastKnownFileType = sourcecode.swift; path = ShipsView.swift; sourceTree = "<group>"; };
		D98596B52AD45F1600139FE4 /* CharactersView.swift */ = {isa = PBXFileReference; lastKnownFileType = sourcecode.swift; path = CharactersView.swift; sourceTree = "<group>"; };
		D98596B72AD45F3600139FE4 /* PlanetsView.swift */ = {isa = PBXFileReference; lastKnownFileType = sourcecode.swift; path = PlanetsView.swift; sourceTree = "<group>"; };
		D98596B92AD4602B00139FE4 /* Character.swift */ = {isa = PBXFileReference; lastKnownFileType = sourcecode.swift; path = Character.swift; sourceTree = "<group>"; };
		D9FC08632AD439180046D746 /* StarWars_3.app */ = {isa = PBXFileReference; explicitFileType = wrapper.application; includeInIndex = 0; path = StarWars_3.app; sourceTree = BUILT_PRODUCTS_DIR; };
		D9FC08662AD439180046D746 /* StarWars_3App.swift */ = {isa = PBXFileReference; lastKnownFileType = sourcecode.swift; path = StarWars_3App.swift; sourceTree = "<group>"; };
		D9FC08682AD439180046D746 /* ContentView.swift */ = {isa = PBXFileReference; lastKnownFileType = sourcecode.swift; path = ContentView.swift; sourceTree = "<group>"; };
		D9FC086A2AD4391A0046D746 /* Assets.xcassets */ = {isa = PBXFileReference; lastKnownFileType = folder.assetcatalog; path = Assets.xcassets; sourceTree = "<group>"; };
		D9FC086D2AD4391A0046D746 /* Preview Assets.xcassets */ = {isa = PBXFileReference; lastKnownFileType = folder.assetcatalog; path = "Preview Assets.xcassets"; sourceTree = "<group>"; };
		D9FC08762AD43B9D0046D746 /* SplashScreenView.swift */ = {isa = PBXFileReference; lastKnownFileType = sourcecode.swift; path = SplashScreenView.swift; sourceTree = "<group>"; };
/* End PBXFileReference section */

/* Begin PBXFrameworksBuildPhase section */
		D9FC08602AD439180046D746 /* Frameworks */ = {
			isa = PBXFrameworksBuildPhase;
			buildActionMask = 2147483647;
			files = (
			);
			runOnlyForDeploymentPostprocessing = 0;
		};
/* End PBXFrameworksBuildPhase section */

/* Begin PBXGroup section */
		D9FC085A2AD439180046D746 = {
			isa = PBXGroup;
			children = (
				D9FC08652AD439180046D746 /* StarWars_3 */,
				D9FC08642AD439180046D746 /* Products */,
			);
			sourceTree = "<group>";
		};
		D9FC08642AD439180046D746 /* Products */ = {
			isa = PBXGroup;
			children = (
				D9FC08632AD439180046D746 /* StarWars_3.app */,
			);
			name = Products;
			sourceTree = "<group>";
		};
		D9FC08652AD439180046D746 /* StarWars_3 */ = {
			isa = PBXGroup;
			children = (
				47E24D7C2AD5626900E365C7 /* StarWars-3-Info.plist */,
				479C13272ADED32B00015861 /* StarJedi.ttf */,
				D98596B72AD45F3600139FE4 /* PlanetsView.swift */,
				D98596B32AD45EC900139FE4 /* ShipsView.swift */,
				D9FC08762AD43B9D0046D746 /* SplashScreenView.swift */,
				D9FC08662AD439180046D746 /* StarWars_3App.swift */,
				D98596B52AD45F1600139FE4 /* CharactersView.swift */,
				D9FC08682AD439180046D746 /* ContentView.swift */,
				D98596B92AD4602B00139FE4 /* Character.swift */,
				479C13292ADEDDB000015861 /* Planet.swift */,
				47A23CF32AE137F500443C1A /* Species.swift */,
				D96933C32AD5305000B73703 /* CharacterViewDetail.swift */,
				47A23CF72AE1728600443C1A /* TextView.swift */,
				47A23CF52AE16ADD00443C1A /* ButtonView.swift */,
				D9FC086A2AD4391A0046D746 /* Assets.xcassets */,
				D9FC086C2AD4391A0046D746 /* Preview Content */,
			);
			path = StarWars_3;
			sourceTree = "<group>";
		};
		D9FC086C2AD4391A0046D746 /* Preview Content */ = {
			isa = PBXGroup;
			children = (
				D9FC086D2AD4391A0046D746 /* Preview Assets.xcassets */,
			);
			path = "Preview Content";
			sourceTree = "<group>";
		};
/* End PBXGroup section */

/* Begin PBXNativeTarget section */
		D9FC08622AD439180046D746 /* StarWars_3 */ = {
			isa = PBXNativeTarget;
			buildConfigurationList = D9FC08712AD4391A0046D746 /* Build configuration list for PBXNativeTarget "StarWars_3" */;
			buildPhases = (
				D9FC085F2AD439180046D746 /* Sources */,
				D9FC08602AD439180046D746 /* Frameworks */,
				D9FC08612AD439180046D746 /* Resources */,
			);
			buildRules = (
			);
			dependencies = (
			);
			name = StarWars_3;
			productName = StarWars_3;
			productReference = D9FC08632AD439180046D746 /* StarWars_3.app */;
			productType = "com.apple.product-type.application";
		};
/* End PBXNativeTarget section */

/* Begin PBXProject section */
		D9FC085B2AD439180046D746 /* Project object */ = {
			isa = PBXProject;
			attributes = {
				BuildIndependentTargetsInParallel = 1;
				LastSwiftUpdateCheck = 1320;
				LastUpgradeCheck = 1320;
				TargetAttributes = {
					D9FC08622AD439180046D746 = {
						CreatedOnToolsVersion = 13.2.1;
					};
				};
			};
			buildConfigurationList = D9FC085E2AD439180046D746 /* Build configuration list for PBXProject "StarWars_3" */;
			compatibilityVersion = "Xcode 13.0";
			developmentRegion = en;
			hasScannedForEncodings = 0;
			knownRegions = (
				en,
				Base,
			);
			mainGroup = D9FC085A2AD439180046D746;
			productRefGroup = D9FC08642AD439180046D746 /* Products */;
			projectDirPath = "";
			projectRoot = "";
			targets = (
				D9FC08622AD439180046D746 /* StarWars_3 */,
			);
		};
/* End PBXProject section */

/* Begin PBXResourcesBuildPhase section */
		D9FC08612AD439180046D746 /* Resources */ = {
			isa = PBXResourcesBuildPhase;
			buildActionMask = 2147483647;
			files = (
				D9FC086E2AD4391A0046D746 /* Preview Assets.xcassets in Resources */,
				479C13282ADED32B00015861 /* StarJedi.ttf in Resources */,
				D9FC086B2AD4391A0046D746 /* Assets.xcassets in Resources */,
			);
			runOnlyForDeploymentPostprocessing = 0;
		};
/* End PBXResourcesBuildPhase section */

/* Begin PBXSourcesBuildPhase section */
		D9FC085F2AD439180046D746 /* Sources */ = {
			isa = PBXSourcesBuildPhase;
			buildActionMask = 2147483647;
			files = (
				47A23CF42AE137F500443C1A /* Species.swift in Sources */,
				D98596B82AD45F3600139FE4 /* PlanetsView.swift in Sources */,
				D98596B42AD45EC900139FE4 /* ShipsView.swift in Sources */,
				D98596BA2AD4602B00139FE4 /* Character.swift in Sources */,
				479C132A2ADEDDB000015861 /* Planet.swift in Sources */,
				D98596B62AD45F1600139FE4 /* CharactersView.swift in Sources */,
				47A23CF62AE16ADD00443C1A /* ButtonView.swift in Sources */,
				D9FC08692AD439180046D746 /* ContentView.swift in Sources */,
				D9FC08672AD439180046D746 /* StarWars_3App.swift in Sources */,
				47A23CF82AE1728600443C1A /* TextView.swift in Sources */,
				D9FC08772AD43B9D0046D746 /* SplashScreenView.swift in Sources */,
				D96933C42AD5305000B73703 /* CharacterViewDetail.swift in Sources */,
			);
			runOnlyForDeploymentPostprocessing = 0;
		};
/* End PBXSourcesBuildPhase section */

/* Begin XCBuildConfiguration section */
		D9FC086F2AD4391A0046D746 /* Debug */ = {
			isa = XCBuildConfiguration;
			buildSettings = {
				ALWAYS_SEARCH_USER_PATHS = NO;
				CLANG_ANALYZER_NONNULL = YES;
				CLANG_ANALYZER_NUMBER_OBJECT_CONVERSION = YES_AGGRESSIVE;
				CLANG_CXX_LANGUAGE_STANDARD = "gnu++17";
				CLANG_CXX_LIBRARY = "libc++";
				CLANG_ENABLE_MODULES = YES;
				CLANG_ENABLE_OBJC_ARC = YES;
				CLANG_ENABLE_OBJC_WEAK = YES;
				CLANG_WARN_BLOCK_CAPTURE_AUTORELEASING = YES;
				CLANG_WARN_BOOL_CONVERSION = YES;
				CLANG_WARN_COMMA = YES;
				CLANG_WARN_CONSTANT_CONVERSION = YES;
				CLANG_WARN_DEPRECATED_OBJC_IMPLEMENTATIONS = YES;
				CLANG_WARN_DIRECT_OBJC_ISA_USAGE = YES_ERROR;
				CLANG_WARN_DOCUMENTATION_COMMENTS = YES;
				CLANG_WARN_EMPTY_BODY = YES;
				CLANG_WARN_ENUM_CONVERSION = YES;
				CLANG_WARN_INFINITE_RECURSION = YES;
				CLANG_WARN_INT_CONVERSION = YES;
				CLANG_WARN_NON_LITERAL_NULL_CONVERSION = YES;
				CLANG_WARN_OBJC_IMPLICIT_RETAIN_SELF = YES;
				CLANG_WARN_OBJC_LITERAL_CONVERSION = YES;
				CLANG_WARN_OBJC_ROOT_CLASS = YES_ERROR;
				CLANG_WARN_QUOTED_INCLUDE_IN_FRAMEWORK_HEADER = YES;
				CLANG_WARN_RANGE_LOOP_ANALYSIS = YES;
				CLANG_WARN_STRICT_PROTOTYPES = YES;
				CLANG_WARN_SUSPICIOUS_MOVE = YES;
				CLANG_WARN_UNGUARDED_AVAILABILITY = YES_AGGRESSIVE;
				CLANG_WARN_UNREACHABLE_CODE = YES;
				CLANG_WARN__DUPLICATE_METHOD_MATCH = YES;
				COPY_PHASE_STRIP = NO;
				DEBUG_INFORMATION_FORMAT = dwarf;
				ENABLE_STRICT_OBJC_MSGSEND = YES;
				ENABLE_TESTABILITY = YES;
				GCC_C_LANGUAGE_STANDARD = gnu11;
				GCC_DYNAMIC_NO_PIC = NO;
				GCC_NO_COMMON_BLOCKS = YES;
				GCC_OPTIMIZATION_LEVEL = 0;
				GCC_PREPROCESSOR_DEFINITIONS = (
					"DEBUG=1",
					"$(inherited)",
				);
				GCC_WARN_64_TO_32_BIT_CONVERSION = YES;
				GCC_WARN_ABOUT_RETURN_TYPE = YES_ERROR;
				GCC_WARN_UNDECLARED_SELECTOR = YES;
				GCC_WARN_UNINITIALIZED_AUTOS = YES_AGGRESSIVE;
				GCC_WARN_UNUSED_FUNCTION = YES;
				GCC_WARN_UNUSED_VARIABLE = YES;
				IPHONEOS_DEPLOYMENT_TARGET = 16.0;
				MTL_ENABLE_DEBUG_INFO = INCLUDE_SOURCE;
				MTL_FAST_MATH = YES;
				ONLY_ACTIVE_ARCH = YES;
				SDKROOT = iphoneos;
				SWIFT_ACTIVE_COMPILATION_CONDITIONS = DEBUG;
				SWIFT_OPTIMIZATION_LEVEL = "-Onone";
			};
			name = Debug;
		};
		D9FC08702AD4391A0046D746 /* Release */ = {
			isa = XCBuildConfiguration;
			buildSettings = {
				ALWAYS_SEARCH_USER_PATHS = NO;
				CLANG_ANALYZER_NONNULL = YES;
				CLANG_ANALYZER_NUMBER_OBJECT_CONVERSION = YES_AGGRESSIVE;
				CLANG_CXX_LANGUAGE_STANDARD = "gnu++17";
				CLANG_CXX_LIBRARY = "libc++";
				CLANG_ENABLE_MODULES = YES;
				CLANG_ENABLE_OBJC_ARC = YES;
				CLANG_ENABLE_OBJC_WEAK = YES;
				CLANG_WARN_BLOCK_CAPTURE_AUTORELEASING = YES;
				CLANG_WARN_BOOL_CONVERSION = YES;
				CLANG_WARN_COMMA = YES;
				CLANG_WARN_CONSTANT_CONVERSION = YES;
				CLANG_WARN_DEPRECATED_OBJC_IMPLEMENTATIONS = YES;
				CLANG_WARN_DIRECT_OBJC_ISA_USAGE = YES_ERROR;
				CLANG_WARN_DOCUMENTATION_COMMENTS = YES;
				CLANG_WARN_EMPTY_BODY = YES;
				CLANG_WARN_ENUM_CONVERSION = YES;
				CLANG_WARN_INFINITE_RECURSION = YES;
				CLANG_WARN_INT_CONVERSION = YES;
				CLANG_WARN_NON_LITERAL_NULL_CONVERSION = YES;
				CLANG_WARN_OBJC_IMPLICIT_RETAIN_SELF = YES;
				CLANG_WARN_OBJC_LITERAL_CONVERSION = YES;
				CLANG_WARN_OBJC_ROOT_CLASS = YES_ERROR;
				CLANG_WARN_QUOTED_INCLUDE_IN_FRAMEWORK_HEADER = YES;
				CLANG_WARN_RANGE_LOOP_ANALYSIS = YES;
				CLANG_WARN_STRICT_PROTOTYPES = YES;
				CLANG_WARN_SUSPICIOUS_MOVE = YES;
				CLANG_WARN_UNGUARDED_AVAILABILITY = YES_AGGRESSIVE;
				CLANG_WARN_UNREACHABLE_CODE = YES;
				CLANG_WARN__DUPLICATE_METHOD_MATCH = YES;
				COPY_PHASE_STRIP = NO;
				DEBUG_INFORMATION_FORMAT = "dwarf-with-dsym";
				ENABLE_NS_ASSERTIONS = NO;
				ENABLE_STRICT_OBJC_MSGSEND = YES;
				GCC_C_LANGUAGE_STANDARD = gnu11;
				GCC_NO_COMMON_BLOCKS = YES;
				GCC_WARN_64_TO_32_BIT_CONVERSION = YES;
				GCC_WARN_ABOUT_RETURN_TYPE = YES_ERROR;
				GCC_WARN_UNDECLARED_SELECTOR = YES;
				GCC_WARN_UNINITIALIZED_AUTOS = YES_AGGRESSIVE;
				GCC_WARN_UNUSED_FUNCTION = YES;
				GCC_WARN_UNUSED_VARIABLE = YES;
				IPHONEOS_DEPLOYMENT_TARGET = 16.0;
				MTL_ENABLE_DEBUG_INFO = NO;
				MTL_FAST_MATH = YES;
				SDKROOT = iphoneos;
				SWIFT_COMPILATION_MODE = wholemodule;
				SWIFT_OPTIMIZATION_LEVEL = "-O";
				VALIDATE_PRODUCT = YES;
			};
			name = Release;
		};
		D9FC08722AD4391A0046D746 /* Debug */ = {
			isa = XCBuildConfiguration;
			buildSettings = {
				ASSETCATALOG_COMPILER_APPICON_NAME = AppIcon;
				ASSETCATALOG_COMPILER_GLOBAL_ACCENT_COLOR_NAME = AccentColor;
				CODE_SIGN_STYLE = Automatic;
				CURRENT_PROJECT_VERSION = 1;
				DEVELOPMENT_ASSET_PATHS = "\"StarWars_3/Preview Content\"";
				ENABLE_PREVIEWS = YES;
				GENERATE_INFOPLIST_FILE = YES;
				INFOPLIST_FILE = "StarWars-3-Info.plist";
				INFOPLIST_KEY_UIApplicationSceneManifest_Generation = YES;
				INFOPLIST_KEY_UIApplicationSupportsIndirectInputEvents = YES;
				INFOPLIST_KEY_UILaunchScreen_Generation = YES;
				INFOPLIST_KEY_UISupportedInterfaceOrientations_iPad = "UIInterfaceOrientationPortrait UIInterfaceOrientationPortraitUpsideDown UIInterfaceOrientationLandscapeLeft UIInterfaceOrientationLandscapeRight";
				INFOPLIST_KEY_UISupportedInterfaceOrientations_iPhone = "UIInterfaceOrientationPortrait UIInterfaceOrientationLandscapeLeft UIInterfaceOrientationLandscapeRight";
				LD_RUNPATH_SEARCH_PATHS = (
					"$(inherited)",
					"@executable_path/Frameworks",
				);
				MARKETING_VERSION = 1.0;
				PRODUCT_BUNDLE_IDENTIFIER = "com.diogocsilva.StarWars-3";
				PRODUCT_NAME = "$(TARGET_NAME)";
				SWIFT_EMIT_LOC_STRINGS = YES;
				SWIFT_VERSION = 5.0;
				TARGETED_DEVICE_FAMILY = "1,2";
			};
			name = Debug;
		};
		D9FC08732AD4391A0046D746 /* Release */ = {
			isa = XCBuildConfiguration;
			buildSettings = {
				ASSETCATALOG_COMPILER_APPICON_NAME = AppIcon;
				ASSETCATALOG_COMPILER_GLOBAL_ACCENT_COLOR_NAME = AccentColor;
				CODE_SIGN_STYLE = Automatic;
				CURRENT_PROJECT_VERSION = 1;
				DEVELOPMENT_ASSET_PATHS = "\"StarWars_3/Preview Content\"";
				ENABLE_PREVIEWS = YES;
				GENERATE_INFOPLIST_FILE = YES;
				INFOPLIST_FILE = "StarWars-3-Info.plist";
				INFOPLIST_KEY_UIApplicationSceneManifest_Generation = YES;
				INFOPLIST_KEY_UIApplicationSupportsIndirectInputEvents = YES;
				INFOPLIST_KEY_UILaunchScreen_Generation = YES;
				INFOPLIST_KEY_UISupportedInterfaceOrientations_iPad = "UIInterfaceOrientationPortrait UIInterfaceOrientationPortraitUpsideDown UIInterfaceOrientationLandscapeLeft UIInterfaceOrientationLandscapeRight";
				INFOPLIST_KEY_UISupportedInterfaceOrientations_iPhone = "UIInterfaceOrientationPortrait UIInterfaceOrientationLandscapeLeft UIInterfaceOrientationLandscapeRight";
				LD_RUNPATH_SEARCH_PATHS = (
					"$(inherited)",
					"@executable_path/Frameworks",
				);
				MARKETING_VERSION = 1.0;
				PRODUCT_BUNDLE_IDENTIFIER = "com.diogocsilva.StarWars-3";
				PRODUCT_NAME = "$(TARGET_NAME)";
				SWIFT_EMIT_LOC_STRINGS = YES;
				SWIFT_VERSION = 5.0;
				TARGETED_DEVICE_FAMILY = "1,2";
			};
			name = Release;
		};
/* End XCBuildConfiguration section */

/* Begin XCConfigurationList section */
		D9FC085E2AD439180046D746 /* Build configuration list for PBXProject "StarWars_3" */ = {
			isa = XCConfigurationList;
			buildConfigurations = (
				D9FC086F2AD4391A0046D746 /* Debug */,
				D9FC08702AD4391A0046D746 /* Release */,
			);
			defaultConfigurationIsVisible = 0;
			defaultConfigurationName = Release;
		};
		D9FC08712AD4391A0046D746 /* Build configuration list for PBXNativeTarget "StarWars_3" */ = {
			isa = XCConfigurationList;
			buildConfigurations = (
				D9FC08722AD4391A0046D746 /* Debug */,
				D9FC08732AD4391A0046D746 /* Release */,
			);
			defaultConfigurationIsVisible = 0;
			defaultConfigurationName = Release;
		};
/* End XCConfigurationList section */
	};
	rootObject = D9FC085B2AD439180046D746 /* Project object */;
}
